
Microsoft Visual Studio Solution File, Format Version 12.00
# Visual Studio Version 17
VisualStudioVersion = 17.2.32630.192
MinimumVisualStudioVersion = 10.0.40219.1
Project("{8BC9CEB8-8B4A-11D0-8D11-00A0C91BC942}") = "QGraphicsPathItemTest", "QGraphicsPathItemTest.vcxproj", "{2EF81994-F0E2-4655-B2C0-1F30449DE174}"
EndProject
Global
	GlobalSection(SolutionConfigurationPlatforms) = preSolution
		Debug|x64 = Debug|x64
		Release|x64 = Release|x64
	EndGlobalSection
	GlobalSection(ProjectConfigurationPlatforms) = postSolution
		{2EF81994-F0E2-4655-B2C0-1F30449DE174}.Debug|x64.ActiveCfg = Debug|x64
		{2EF81994-F0E2-4655-B2C0-1F30449DE174}.Debug|x64.Build.0 = Debug|x64
		{2EF81994-F0E2-4655-B2C0-1F30449DE174}.Release|x64.ActiveCfg = Release|x64
		{2EF81994-F0E2-4655-B2C0-1F30449DE174}.Release|x64.Build.0 = Release|x64
	EndGlobalSection
	GlobalSection(SolutionProperties) = preSolution
		HideSolutionNode = FALSE
	EndGlobalSection
	GlobalSection(ExtensibilityGlobals) = postSolution
		SolutionGuid = {359F06AC-C446-4CC3-934C-89AB6DCBED70}
	EndGlobalSection
EndGlobal
