
Microsoft Visual Studio Solution File, Format Version 12.00
# Visual Studio Version 17
VisualStudioVersion = 17.1.32414.318
MinimumVisualStudioVersion = 10.0.40219.1
Project("{8BC9CEB8-8B4A-11D0-8D11-00A0C91BC942}") = "KSvgEditor", "KSvgEditor.vcxproj", "{0935C54A-C544-4F01-9EB6-52DF4B8BF1F0}"
EndProject
Global
	GlobalSection(SolutionConfigurationPlatforms) = preSolution
		Debug|x64 = Debug|x64
		Release|x64 = Release|x64
	EndGlobalSection
	GlobalSection(ProjectConfigurationPlatforms) = postSolution
		{0935C54A-C544-4F01-9EB6-52DF4B8BF1F0}.Debug|x64.ActiveCfg = Debug|x64
		{0935C54A-C544-4F01-9EB6-52DF4B8BF1F0}.Debug|x64.Build.0 = Debug|x64
		{0935C54A-C544-4F01-9EB6-52DF4B8BF1F0}.Release|x64.ActiveCfg = Release|x64
		{0935C54A-C544-4F01-9EB6-52DF4B8BF1F0}.Release|x64.Build.0 = Release|x64
	EndGlobalSection
	GlobalSection(SolutionProperties) = preSolution
		HideSolutionNode = FALSE
	EndGlobalSection
	GlobalSection(ExtensibilityGlobals) = postSolution
		SolutionGuid = {9E7496BC-4891-4859-86F1-A9BDF2F13649}
	EndGlobalSection
EndGlobal
